
Microsoft Visual Studio Solution File, Format Version 12.00
# Visual Studio Version 16
VisualStudioVersion = 16.0.30413.136
MinimumVisualStudioVersion = 10.0.40219.1
Project("{FAE04EC0-301F-11D3-BF4B-00C04F79EFBC}") = "Techniche Test", "Techniche Test\Techniche Test.csproj", "{F65335F2-0E45-427E-8766-6E685E288501}"
EndProject
Global
	GlobalSection(SolutionConfigurationPlatforms) = preSolution
		Debug|Any CPU = Debug|Any CPU
		Release|Any CPU = Release|Any CPU
	EndGlobalSection
	GlobalSection(ProjectConfigurationPlatforms) = postSolution
		{F65335F2-0E45-427E-8766-6E685E288501}.Debug|Any CPU.ActiveCfg = Debug|Any CPU
		{F65335F2-0E45-427E-8766-6E685E288501}.Debug|Any CPU.Build.0 = Debug|Any CPU
		{F65335F2-0E45-427E-8766-6E685E288501}.Release|Any CPU.ActiveCfg = Release|Any CPU
		{F65335F2-0E45-427E-8766-6E685E288501}.Release|Any CPU.Build.0 = Release|Any CPU
	EndGlobalSection
	GlobalSection(SolutionProperties) = preSolution
		HideSolutionNode = FALSE
	EndGlobalSection
	GlobalSection(ExtensibilityGlobals) = postSolution
		SolutionGuid = {8C1F1AEA-587E-4314-BC0F-668D48873117}
	EndGlobalSection
EndGlobal
